
Microsoft Visual Studio Solution File, Format Version 12.00
# Visual Studio 15
VisualStudioVersion = 15.0.28307.421
MinimumVisualStudioVersion = 10.0.40219.1
Project("{9A19103F-16F7-4668-BE54-9A1E7A4F7556}") = "apiAppPet", "apiAppPet\apiAppPet.csproj", "{190B40D8-B768-4172-B5F9-053603B4E805}"
EndProject
Project("{FAE04EC0-301F-11D3-BF4B-00C04F79EFBC}") = "Repository", "Repository\Repository.csproj", "{FE0A68DB-0B0D-4946-90B6-D47542351028}"
EndProject
Project("{FAE04EC0-301F-11D3-BF4B-00C04F79EFBC}") = "Entities", "Entities\Entities.csproj", "{4359CBED-7130-41D9-9519-29CF1670B787}"
EndProject
Global
	GlobalSection(SolutionConfigurationPlatforms) = preSolution
		Debug|Any CPU = Debug|Any CPU
		Release|Any CPU = Release|Any CPU
	EndGlobalSection
	GlobalSection(ProjectConfigurationPlatforms) = postSolution
		{190B40D8-B768-4172-B5F9-053603B4E805}.Debug|Any CPU.ActiveCfg = Debug|Any CPU
		{190B40D8-B768-4172-B5F9-053603B4E805}.Debug|Any CPU.Build.0 = Debug|Any CPU
		{190B40D8-B768-4172-B5F9-053603B4E805}.Release|Any CPU.ActiveCfg = Release|Any CPU
		{190B40D8-B768-4172-B5F9-053603B4E805}.Release|Any CPU.Build.0 = Release|Any CPU
		{FE0A68DB-0B0D-4946-90B6-D47542351028}.Debug|Any CPU.ActiveCfg = Debug|Any CPU
		{FE0A68DB-0B0D-4946-90B6-D47542351028}.Debug|Any CPU.Build.0 = Debug|Any CPU
		{FE0A68DB-0B0D-4946-90B6-D47542351028}.Release|Any CPU.ActiveCfg = Release|Any CPU
		{FE0A68DB-0B0D-4946-90B6-D47542351028}.Release|Any CPU.Build.0 = Release|Any CPU
		{4359CBED-7130-41D9-9519-29CF1670B787}.Debug|Any CPU.ActiveCfg = Debug|Any CPU
		{4359CBED-7130-41D9-9519-29CF1670B787}.Debug|Any CPU.Build.0 = Debug|Any CPU
		{4359CBED-7130-41D9-9519-29CF1670B787}.Release|Any CPU.ActiveCfg = Release|Any CPU
		{4359CBED-7130-41D9-9519-29CF1670B787}.Release|Any CPU.Build.0 = Release|Any CPU
	EndGlobalSection
	GlobalSection(SolutionProperties) = preSolution
		HideSolutionNode = FALSE
	EndGlobalSection
	GlobalSection(ExtensibilityGlobals) = postSolution
		SolutionGuid = {1FCA650C-26E6-421B-A679-923851E198A7}
	EndGlobalSection
EndGlobal
